// !$*UTF8*$!
{
	archiveVersion = 1;
	classes = {
	};
	objectVersion = 56;
	objects = {

/* Begin PBXBuildFile section */
		D73AE2D02A46DD5F00DA875D /* SwithUI_Segmented_ControlApp.swift in Sources */ = {isa = PBXBuildFile; fileRef = D73AE2CF2A46DD5F00DA875D /* SwithUI_Segmented_ControlApp.swift */; };
		D73AE2D22A46DD5F00DA875D /* ContentView.swift in Sources */ = {isa = PBXBuildFile; fileRef = D73AE2D12A46DD5F00DA875D /* ContentView.swift */; };
		D73AE2D42A46DD6100DA875D /* Assets.xcassets in Resources */ = {isa = PBXBuildFile; fileRef = D73AE2D32A46DD6100DA875D /* Assets.xcassets */; };
		D73AE2D82A46DD6100DA875D /* Preview Assets.xcassets in Resources */ = {isa = PBXBuildFile; fileRef = D73AE2D72A46DD6100DA875D /* Preview Assets.xcassets */; };
		D73AE2E22A46DD6100DA875D /* SwithUI_Segmented_ControlTests.swift in Sources */ = {isa = PBXBuildFile; fileRef = D73AE2E12A46DD6100DA875D /* SwithUI_Segmented_ControlTests.swift */; };
		D73AE2EC2A46DD6100DA875D /* SwithUI_Segmented_ControlUITests.swift in Sources */ = {isa = PBXBuildFile; fileRef = D73AE2EB2A46DD6100DA875D /* SwithUI_Segmented_ControlUITests.swift */; };
		D73AE2EE2A46DD6100DA875D /* SwithUI_Segmented_ControlUITestsLaunchTests.swift in Sources */ = {isa = PBXBuildFile; fileRef = D73AE2ED2A46DD6100DA875D /* SwithUI_Segmented_ControlUITestsLaunchTests.swift */; };
/* End PBXBuildFile section */

/* Begin PBXContainerItemProxy section */
		D73AE2DE2A46DD6100DA875D /* PBXContainerItemProxy */ = {
			isa = PBXContainerItemProxy;
			containerPortal = D73AE2C42A46DD5F00DA875D /* Project object */;
			proxyType = 1;
			remoteGlobalIDString = D73AE2CB2A46DD5F00DA875D;
			remoteInfo = "SwithUI-Segmented-Control";
		};
		D73AE2E82A46DD6100DA875D /* PBXContainerItemProxy */ = {
			isa = PBXContainerItemProxy;
			containerPortal = D73AE2C42A46DD5F00DA875D /* Project object */;
			proxyType = 1;
			remoteGlobalIDString = D73AE2CB2A46DD5F00DA875D;
			remoteInfo = "SwithUI-Segmented-Control";
		};
/* End PBXContainerItemProxy section */

/* Begin PBXFileReference section */
		D73AE2CC2A46DD5F00DA875D /* SwithUI-Segmented-Control.app */ = {isa = PBXFileReference; explicitFileType = wrapper.application; includeInIndex = 0; path = "SwithUI-Segmented-Control.app"; sourceTree = BUILT_PRODUCTS_DIR; };
		D73AE2CF2A46DD5F00DA875D /* SwithUI_Segmented_ControlApp.swift */ = {isa = PBXFileReference; lastKnownFileType = sourcecode.swift; path = SwithUI_Segmented_ControlApp.swift; sourceTree = "<group>"; };
		D73AE2D12A46DD5F00DA875D /* ContentView.swift */ = {isa = PBXFileReference; lastKnownFileType = sourcecode.swift; path = ContentView.swift; sourceTree = "<group>"; };
		D73AE2D32A46DD6100DA875D /* Assets.xcassets */ = {isa = PBXFileReference; lastKnownFileType = folder.assetcatalog; path = Assets.xcassets; sourceTree = "<group>"; };
		D73AE2D52A46DD6100DA875D /* SwithUI_Segmented_Control.entitlements */ = {isa = PBXFileReference; lastKnownFileType = text.plist.entitlements; path = SwithUI_Segmented_Control.entitlements; sourceTree = "<group>"; };
		D73AE2D72A46DD6100DA875D /* Preview Assets.xcassets */ = {isa = PBXFileReference; lastKnownFileType = folder.assetcatalog; path = "Preview Assets.xcassets"; sourceTree = "<group>"; };
		D73AE2DD2A46DD6100DA875D /* SwithUI-Segmented-ControlTests.xctest */ = {isa = PBXFileReference; explicitFileType = wrapper.cfbundle; includeInIndex = 0; path = "SwithUI-Segmented-ControlTests.xctest"; sourceTree = BUILT_PRODUCTS_DIR; };
		D73AE2E12A46DD6100DA875D /* SwithUI_Segmented_ControlTests.swift */ = {isa = PBXFileReference; lastKnownFileType = sourcecode.swift; path = SwithUI_Segmented_ControlTests.swift; sourceTree = "<group>"; };
		D73AE2E72A46DD6100DA875D /* SwithUI-Segmented-ControlUITests.xctest */ = {isa = PBXFileReference; explicitFileType = wrapper.cfbundle; includeInIndex = 0; path = "SwithUI-Segmented-ControlUITests.xctest"; sourceTree = BUILT_PRODUCTS_DIR; };
		D73AE2EB2A46DD6100DA875D /* SwithUI_Segmented_ControlUITests.swift */ = {isa = PBXFileReference; lastKnownFileType = sourcecode.swift; path = SwithUI_Segmented_ControlUITests.swift; sourceTree = "<group>"; };
		D73AE2ED2A46DD6100DA875D /* SwithUI_Segmented_ControlUITestsLaunchTests.swift */ = {isa = PBXFileReference; lastKnownFileType = sourcecode.swift; path = SwithUI_Segmented_ControlUITestsLaunchTests.swift; sourceTree = "<group>"; };
/* End PBXFileReference section */

/* Begin PBXFrameworksBuildPhase section */
		D73AE2C92A46DD5F00DA875D /* Frameworks */ = {
			isa = PBXFrameworksBuildPhase;
			buildActionMask = 2147483647;
			files = (
			);
			runOnlyForDeploymentPostprocessing = 0;
		};
		D73AE2DA2A46DD6100DA875D /* Frameworks */ = {
			isa = PBXFrameworksBuildPhase;
			buildActionMask = 2147483647;
			files = (
			);
			runOnlyForDeploymentPostprocessing = 0;
		};
		D73AE2E42A46DD6100DA875D /* Frameworks */ = {
			isa = PBXFrameworksBuildPhase;
			buildActionMask = 2147483647;
			files = (
			);
			runOnlyForDeploymentPostprocessing = 0;
		};
/* End PBXFrameworksBuildPhase section */

/* Begin PBXGroup section */
		D73AE2C32A46DD5F00DA875D = {
			isa = PBXGroup;
			children = (
				D73AE2CE2A46DD5F00DA875D /* SwithUI-Segmented-Control */,
				D73AE2E02A46DD6100DA875D /* SwithUI-Segmented-ControlTests */,
				D73AE2EA2A46DD6100DA875D /* SwithUI-Segmented-ControlUITests */,
				D73AE2CD2A46DD5F00DA875D /* Products */,
			);
			sourceTree = "<group>";
		};
		D73AE2CD2A46DD5F00DA875D /* Products */ = {
			isa = PBXGroup;
			children = (
				D73AE2CC2A46DD5F00DA875D /* SwithUI-Segmented-Control.app */,
				D73AE2DD2A46DD6100DA875D /* SwithUI-Segmented-ControlTests.xctest */,
				D73AE2E72A46DD6100DA875D /* SwithUI-Segmented-ControlUITests.xctest */,
			);
			name = Products;
			sourceTree = "<group>";
		};
		D73AE2CE2A46DD5F00DA875D /* SwithUI-Segmented-Control */ = {
			isa = PBXGroup;
			children = (
				D73AE2CF2A46DD5F00DA875D /* SwithUI_Segmented_ControlApp.swift */,
				D73AE2D12A46DD5F00DA875D /* ContentView.swift */,
				D73AE2D32A46DD6100DA875D /* Assets.xcassets */,
				D73AE2D52A46DD6100DA875D /* SwithUI_Segmented_Control.entitlements */,
				D73AE2D62A46DD6100DA875D /* Preview Content */,
			);
			path = "SwithUI-Segmented-Control";
			sourceTree = "<group>";
		};
		D73AE2D62A46DD6100DA875D /* Preview Content */ = {
			isa = PBXGroup;
			children = (
				D73AE2D72A46DD6100DA875D /* Preview Assets.xcassets */,
			);
			path = "Preview Content";
			sourceTree = "<group>";
		};
		D73AE2E02A46DD6100DA875D /* SwithUI-Segmented-ControlTests */ = {
			isa = PBXGroup;
			children = (
				D73AE2E12A46DD6100DA875D /* SwithUI_Segmented_ControlTests.swift */,
			);
			path = "SwithUI-Segmented-ControlTests";
			sourceTree = "<group>";
		};
		D73AE2EA2A46DD6100DA875D /* SwithUI-Segmented-ControlUITests */ = {
			isa = PBXGroup;
			children = (
				D73AE2EB2A46DD6100DA875D /* SwithUI_Segmented_ControlUITests.swift */,
				D73AE2ED2A46DD6100DA875D /* SwithUI_Segmented_ControlUITestsLaunchTests.swift */,
			);
			path = "SwithUI-Segmented-ControlUITests";
			sourceTree = "<group>";
		};
/* End PBXGroup section */

/* Begin PBXNativeTarget section */
		D73AE2CB2A46DD5F00DA875D /* SwithUI-Segmented-Control */ = {
			isa = PBXNativeTarget;
			buildConfigurationList = D73AE2F12A46DD6100DA875D /* Build configuration list for PBXNativeTarget "SwithUI-Segmented-Control" */;
			buildPhases = (
				D73AE2C82A46DD5F00DA875D /* Sources */,
				D73AE2C92A46DD5F00DA875D /* Frameworks */,
				D73AE2CA2A46DD5F00DA875D /* Resources */,
			);
			buildRules = (
			);
			dependencies = (
			);
			name = "SwithUI-Segmented-Control";
			productName = "SwithUI-Segmented-Control";
			productReference = D73AE2CC2A46DD5F00DA875D /* SwithUI-Segmented-Control.app */;
			productType = "com.apple.product-type.application";
		};
		D73AE2DC2A46DD6100DA875D /* SwithUI-Segmented-ControlTests */ = {
			isa = PBXNativeTarget;
			buildConfigurationList = D73AE2F42A46DD6100DA875D /* Build configuration list for PBXNativeTarget "SwithUI-Segmented-ControlTests" */;
			buildPhases = (
				D73AE2D92A46DD6100DA875D /* Sources */,
				D73AE2DA2A46DD6100DA875D /* Frameworks */,
				D73AE2DB2A46DD6100DA875D /* Resources */,
			);
			buildRules = (
			);
			dependencies = (
				D73AE2DF2A46DD6100DA875D /* PBXTargetDependency */,
			);
			name = "SwithUI-Segmented-ControlTests";
			productName = "SwithUI-Segmented-ControlTests";
			productReference = D73AE2DD2A46DD6100DA875D /* SwithUI-Segmented-ControlTests.xctest */;
			productType = "com.apple.product-type.bundle.unit-test";
		};
		D73AE2E62A46DD6100DA875D /* SwithUI-Segmented-ControlUITests */ = {
			isa = PBXNativeTarget;
			buildConfigurationList = D73AE2F72A46DD6100DA875D /* Build configuration list for PBXNativeTarget "SwithUI-Segmented-ControlUITests" */;
			buildPhases = (
				D73AE2E32A46DD6100DA875D /* Sources */,
				D73AE2E42A46DD6100DA875D /* Frameworks */,
				D73AE2E52A46DD6100DA875D /* Resources */,
			);
			buildRules = (
			);
			dependencies = (
				D73AE2E92A46DD6100DA875D /* PBXTargetDependency */,
			);
			name = "SwithUI-Segmented-ControlUITests";
			productName = "SwithUI-Segmented-ControlUITests";
			productReference = D73AE2E72A46DD6100DA875D /* SwithUI-Segmented-ControlUITests.xctest */;
			productType = "com.apple.product-type.bundle.ui-testing";
		};
/* End PBXNativeTarget section */

/* Begin PBXProject section */
		D73AE2C42A46DD5F00DA875D /* Project object */ = {
			isa = PBXProject;
			attributes = {
				BuildIndependentTargetsInParallel = 1;
				LastSwiftUpdateCheck = 1430;
				LastUpgradeCheck = 1430;
				TargetAttributes = {
					D73AE2CB2A46DD5F00DA875D = {
						CreatedOnToolsVersion = 14.3.1;
					};
					D73AE2DC2A46DD6100DA875D = {
						CreatedOnToolsVersion = 14.3.1;
						TestTargetID = D73AE2CB2A46DD5F00DA875D;
					};
					D73AE2E62A46DD6100DA875D = {
						CreatedOnToolsVersion = 14.3.1;
						TestTargetID = D73AE2CB2A46DD5F00DA875D;
					};
				};
			};
			buildConfigurationList = D73AE2C72A46DD5F00DA875D /* Build configuration list for PBXProject "SwithUI-Segmented-Control" */;
			compatibilityVersion = "Xcode 14.0";
			developmentRegion = en;
			hasScannedForEncodings = 0;
			knownRegions = (
				en,
				Base,
			);
			mainGroup = D73AE2C32A46DD5F00DA875D;
			productRefGroup = D73AE2CD2A46DD5F00DA875D /* Products */;
			projectDirPath = "";
			projectRoot = "";
			targets = (
				D73AE2CB2A46DD5F00DA875D /* SwithUI-Segmented-Control */,
				D73AE2DC2A46DD6100DA875D /* SwithUI-Segmented-ControlTests */,
				D73AE2E62A46DD6100DA875D /* SwithUI-Segmented-ControlUITests */,
			);
		};
/* End PBXProject section */

/* Begin PBXResourcesBuildPhase section */
		D73AE2CA2A46DD5F00DA875D /* Resources */ = {
			isa = PBXResourcesBuildPhase;
			buildActionMask = 2147483647;
			files = (
				D73AE2D82A46DD6100DA875D /* Preview Assets.xcassets in Resources */,
				D73AE2D42A46DD6100DA875D /* Assets.xcassets in Resources */,
			);
			runOnlyForDeploymentPostprocessing = 0;
		};
		D73AE2DB2A46DD6100DA875D /* Resources */ = {
			isa = PBXResourcesBuildPhase;
			buildActionMask = 2147483647;
			files = (
			);
			runOnlyForDeploymentPostprocessing = 0;
		};
		D73AE2E52A46DD6100DA875D /* Resources */ = {
			isa = PBXResourcesBuildPhase;
			buildActionMask = 2147483647;
			files = (
			);
			runOnlyForDeploymentPostprocessing = 0;
		};
/* End PBXResourcesBuildPhase section */

/* Begin PBXSourcesBuildPhase section */
		D73AE2C82A46DD5F00DA875D /* Sources */ = {
			isa = PBXSourcesBuildPhase;
			buildActionMask = 2147483647;
			files = (
				D73AE2D22A46DD5F00DA875D /* ContentView.swift in Sources */,
				D73AE2D02A46DD5F00DA875D /* SwithUI_Segmented_ControlApp.swift in Sources */,
			);
			runOnlyForDeploymentPostprocessing = 0;
		};
		D73AE2D92A46DD6100DA875D /* Sources */ = {
			isa = PBXSourcesBuildPhase;
			buildActionMask = 2147483647;
			files = (
				D73AE2E22A46DD6100DA875D /* SwithUI_Segmented_ControlTests.swift in Sources */,
			);
			runOnlyForDeploymentPostprocessing = 0;
		};
		D73AE2E32A46DD6100DA875D /* Sources */ = {
			isa = PBXSourcesBuildPhase;
			buildActionMask = 2147483647;
			files = (
				D73AE2EC2A46DD6100DA875D /* SwithUI_Segmented_ControlUITests.swift in Sources */,
				D73AE2EE2A46DD6100DA875D /* SwithUI_Segmented_ControlUITestsLaunchTests.swift in Sources */,
			);
			runOnlyForDeploymentPostprocessing = 0;
		};
/* End PBXSourcesBuildPhase section */

/* Begin PBXTargetDependency section */
		D73AE2DF2A46DD6100DA875D /* PBXTargetDependency */ = {
			isa = PBXTargetDependency;
			target = D73AE2CB2A46DD5F00DA875D /* SwithUI-Segmented-Control */;
			targetProxy = D73AE2DE2A46DD6100DA875D /* PBXContainerItemProxy */;
		};
		D73AE2E92A46DD6100DA875D /* PBXTargetDependency */ = {
			isa = PBXTargetDependency;
			target = D73AE2CB2A46DD5F00DA875D /* SwithUI-Segmented-Control */;
			targetProxy = D73AE2E82A46DD6100DA875D /* PBXContainerItemProxy */;
		};
/* End PBXTargetDependency section */

/* Begin XCBuildConfiguration section */
		D73AE2EF2A46DD6100DA875D /* Debug */ = {
			isa = XCBuildConfiguration;
			buildSettings = {
				ALWAYS_SEARCH_USER_PATHS = NO;
				CLANG_ANALYZER_NONNULL = YES;
				CLANG_ANALYZER_NUMBER_OBJECT_CONVERSION = YES_AGGRESSIVE;
				CLANG_CXX_LANGUAGE_STANDARD = "gnu++20";
				CLANG_ENABLE_MODULES = YES;
				CLANG_ENABLE_OBJC_ARC = YES;
				CLANG_ENABLE_OBJC_WEAK = YES;
				CLANG_WARN_BLOCK_CAPTURE_AUTORELEASING = YES;
				CLANG_WARN_BOOL_CONVERSION = YES;
				CLANG_WARN_COMMA = YES;
				CLANG_WARN_CONSTANT_CONVERSION = YES;
				CLANG_WARN_DEPRECATED_OBJC_IMPLEMENTATIONS = YES;
				CLANG_WARN_DIRECT_OBJC_ISA_USAGE = YES_ERROR;
				CLANG_WARN_DOCUMENTATION_COMMENTS = YES;
				CLANG_WARN_EMPTY_BODY = YES;
				CLANG_WARN_ENUM_CONVERSION = YES;
				CLANG_WARN_INFINITE_RECURSION = YES;
				CLANG_WARN_INT_CONVERSION = YES;
				CLANG_WARN_NON_LITERAL_NULL_CONVERSION = YES;
				CLANG_WARN_OBJC_IMPLICIT_RETAIN_SELF = YES;
				CLANG_WARN_OBJC_LITERAL_CONVERSION = YES;
				CLANG_WARN_OBJC_ROOT_CLASS = YES_ERROR;
				CLANG_WARN_QUOTED_INCLUDE_IN_FRAMEWORK_HEADER = YES;
				CLANG_WARN_RANGE_LOOP_ANALYSIS = YES;
				CLANG_WARN_STRICT_PROTOTYPES = YES;
				CLANG_WARN_SUSPICIOUS_MOVE = YES;
				CLANG_WARN_UNGUARDED_AVAILABILITY = YES_AGGRESSIVE;
				CLANG_WARN_UNREACHABLE_CODE = YES;
				CLANG_WARN__DUPLICATE_METHOD_MATCH = YES;
				COPY_PHASE_STRIP = NO;
				DEBUG_INFORMATION_FORMAT = dwarf;
				ENABLE_STRICT_OBJC_MSGSEND = YES;
				ENABLE_TESTABILITY = YES;
				GCC_C_LANGUAGE_STANDARD = gnu11;
				GCC_DYNAMIC_NO_PIC = NO;
				GCC_NO_COMMON_BLOCKS = YES;
				GCC_OPTIMIZATION_LEVEL = 0;
				GCC_PREPROCESSOR_DEFINITIONS = (
					"DEBUG=1",
					"$(inherited)",
				);
				GCC_WARN_64_TO_32_BIT_CONVERSION = YES;
				GCC_WARN_ABOUT_RETURN_TYPE = YES_ERROR;
				GCC_WARN_UNDECLARED_SELECTOR = YES;
				GCC_WARN_UNINITIALIZED_AUTOS = YES_AGGRESSIVE;
				GCC_WARN_UNUSED_FUNCTION = YES;
				GCC_WARN_UNUSED_VARIABLE = YES;
				MTL_ENABLE_DEBUG_INFO = INCLUDE_SOURCE;
				MTL_FAST_MATH = YES;
				ONLY_ACTIVE_ARCH = YES;
				SWIFT_ACTIVE_COMPILATION_CONDITIONS = DEBUG;
				SWIFT_OPTIMIZATION_LEVEL = "-Onone";
			};
			name = Debug;
		};
		D73AE2F02A46DD6100DA875D /* Release */ = {
			isa = XCBuildConfiguration;
			buildSettings = {
				ALWAYS_SEARCH_USER_PATHS = NO;
				CLANG_ANALYZER_NONNULL = YES;
				CLANG_ANALYZER_NUMBER_OBJECT_CONVERSION = YES_AGGRESSIVE;
				CLANG_CXX_LANGUAGE_STANDARD = "gnu++20";
				CLANG_ENABLE_MODULES = YES;
				CLANG_ENABLE_OBJC_ARC = YES;
				CLANG_ENABLE_OBJC_WEAK = YES;
				CLANG_WARN_BLOCK_CAPTURE_AUTORELEASING = YES;
				CLANG_WARN_BOOL_CONVERSION = YES;
				CLANG_WARN_COMMA = YES;
				CLANG_WARN_CONSTANT_CONVERSION = YES;
				CLANG_WARN_DEPRECATED_OBJC_IMPLEMENTATIONS = YES;
				CLANG_WARN_DIRECT_OBJC_ISA_USAGE = YES_ERROR;
				CLANG_WARN_DOCUMENTATION_COMMENTS = YES;
				CLANG_WARN_EMPTY_BODY = YES;
				CLANG_WARN_ENUM_CONVERSION = YES;
				CLANG_WARN_INFINITE_RECURSION = YES;
				CLANG_WARN_INT_CONVERSION = YES;
				CLANG_WARN_NON_LITERAL_NULL_CONVERSION = YES;
				CLANG_WARN_OBJC_IMPLICIT_RETAIN_SELF = YES;
				CLANG_WARN_OBJC_LITERAL_CONVERSION = YES;
				CLANG_WARN_OBJC_ROOT_CLASS = YES_ERROR;
				CLANG_WARN_QUOTED_INCLUDE_IN_FRAMEWORK_HEADER = YES;
				CLANG_WARN_RANGE_LOOP_ANALYSIS = YES;
				CLANG_WARN_STRICT_PROTOTYPES = YES;
				CLANG_WARN_SUSPICIOUS_MOVE = YES;
				CLANG_WARN_UNGUARDED_AVAILABILITY = YES_AGGRESSIVE;
				CLANG_WARN_UNREACHABLE_CODE = YES;
				CLANG_WARN__DUPLICATE_METHOD_MATCH = YES;
				COPY_PHASE_STRIP = NO;
				DEBUG_INFORMATION_FORMAT = "dwarf-with-dsym";
				ENABLE_NS_ASSERTIONS = NO;
				ENABLE_STRICT_OBJC_MSGSEND = YES;
				GCC_C_LANGUAGE_STANDARD = gnu11;
				GCC_NO_COMMON_BLOCKS = YES;
				GCC_WARN_64_TO_32_BIT_CONVERSION = YES;
				GCC_WARN_ABOUT_RETURN_TYPE = YES_ERROR;
				GCC_WARN_UNDECLARED_SELECTOR = YES;
				GCC_WARN_UNINITIALIZED_AUTOS = YES_AGGRESSIVE;
				GCC_WARN_UNUSED_FUNCTION = YES;
				GCC_WARN_UNUSED_VARIABLE = YES;
				MTL_ENABLE_DEBUG_INFO = NO;
				MTL_FAST_MATH = YES;
				SWIFT_COMPILATION_MODE = wholemodule;
				SWIFT_OPTIMIZATION_LEVEL = "-O";
			};
			name = Release;
		};
		D73AE2F22A46DD6100DA875D /* Debug */ = {
			isa = XCBuildConfiguration;
			buildSettings = {
				ASSETCATALOG_COMPILER_APPICON_NAME = AppIcon;
				ASSETCATALOG_COMPILER_GLOBAL_ACCENT_COLOR_NAME = AccentColor;
				CODE_SIGN_ENTITLEMENTS = "SwithUI-Segmented-Control/SwithUI_Segmented_Control.entitlements";
				CODE_SIGN_STYLE = Automatic;
				CURRENT_PROJECT_VERSION = 1;
				DEVELOPMENT_ASSET_PATHS = "\"SwithUI-Segmented-Control/Preview Content\"";
				ENABLE_PREVIEWS = YES;
				GENERATE_INFOPLIST_FILE = YES;
				"INFOPLIST_KEY_UIApplicationSceneManifest_Generation[sdk=iphoneos*]" = YES;
				"INFOPLIST_KEY_UIApplicationSceneManifest_Generation[sdk=iphonesimulator*]" = YES;
				"INFOPLIST_KEY_UIApplicationSupportsIndirectInputEvents[sdk=iphoneos*]" = YES;
				"INFOPLIST_KEY_UIApplicationSupportsIndirectInputEvents[sdk=iphonesimulator*]" = YES;
				"INFOPLIST_KEY_UILaunchScreen_Generation[sdk=iphoneos*]" = YES;
				"INFOPLIST_KEY_UILaunchScreen_Generation[sdk=iphonesimulator*]" = YES;
				"INFOPLIST_KEY_UIStatusBarStyle[sdk=iphoneos*]" = UIStatusBarStyleDefault;
				"INFOPLIST_KEY_UIStatusBarStyle[sdk=iphonesimulator*]" = UIStatusBarStyleDefault;
				INFOPLIST_KEY_UISupportedInterfaceOrientations_iPad = "UIInterfaceOrientationPortrait UIInterfaceOrientationPortraitUpsideDown UIInterfaceOrientationLandscapeLeft UIInterfaceOrientationLandscapeRight";
				INFOPLIST_KEY_UISupportedInterfaceOrientations_iPhone = "UIInterfaceOrientationPortrait UIInterfaceOrientationLandscapeLeft UIInterfaceOrientationLandscapeRight";
				IPHONEOS_DEPLOYMENT_TARGET = 16.4;
				LD_RUNPATH_SEARCH_PATHS = "@executable_path/Frameworks";
				"LD_RUNPATH_SEARCH_PATHS[sdk=macosx*]" = "@executable_path/../Frameworks";
				MACOSX_DEPLOYMENT_TARGET = 13.3;
				MARKETING_VERSION = 1.0;
				PRODUCT_BUNDLE_IDENTIFIER = "com.louis-portfolio.SwithUI-Segmented-Control";
				PRODUCT_NAME = "$(TARGET_NAME)";
				SDKROOT = auto;
				SUPPORTED_PLATFORMS = "iphoneos iphonesimulator macosx";
				SWIFT_EMIT_LOC_STRINGS = YES;
				SWIFT_VERSION = 5.0;
				TARGETED_DEVICE_FAMILY = "1,2";
			};
			name = Debug;
		};
		D73AE2F32A46DD6100DA875D /* Release */ = {
			isa = XCBuildConfiguration;
			buildSettings = {
				ASSETCATALOG_COMPILER_APPICON_NAME = AppIcon;
				ASSETCATALOG_COMPILER_GLOBAL_ACCENT_COLOR_NAME = AccentColor;
				CODE_SIGN_ENTITLEMENTS = "SwithUI-Segmented-Control/SwithUI_Segmented_Control.entitlements";
				CODE_SIGN_STYLE = Automatic;
				CURRENT_PROJECT_VERSION = 1;
				DEVELOPMENT_ASSET_PATHS = "\"SwithUI-Segmented-Control/Preview Content\"";
				ENABLE_PREVIEWS = YES;
				GENERATE_INFOPLIST_FILE = YES;
				"INFOPLIST_KEY_UIApplicationSceneManifest_Generation[sdk=iphoneos*]" = YES;
				"INFOPLIST_KEY_UIApplicationSceneManifest_Generation[sdk=iphonesimulator*]" = YES;
				"INFOPLIST_KEY_UIApplicationSupportsIndirectInputEvents[sdk=iphoneos*]" = YES;
				"INFOPLIST_KEY_UIApplicationSupportsIndirectInputEvents[sdk=iphonesimulator*]" = YES;
				"INFOPLIST_KEY_UILaunchScreen_Generation[sdk=iphoneos*]" = YES;
				"INFOPLIST_KEY_UILaunchScreen_Generation[sdk=iphonesimulator*]" = YES;
				"INFOPLIST_KEY_UIStatusBarStyle[sdk=iphoneos*]" = UIStatusBarStyleDefault;
				"INFOPLIST_KEY_UIStatusBarStyle[sdk=iphonesimulator*]" = UIStatusBarStyleDefault;
				INFOPLIST_KEY_UISupportedInterfaceOrientations_iPad = "UIInterfaceOrientationPortrait UIInterfaceOrientationPortraitUpsideDown UIInterfaceOrientationLandscapeLeft UIInterfaceOrientationLandscapeRight";
				INFOPLIST_KEY_UISupportedInterfaceOrientations_iPhone = "UIInterfaceOrientationPortrait UIInterfaceOrientationLandscapeLeft UIInterfaceOrientationLandscapeRight";
				IPHONEOS_DEPLOYMENT_TARGET = 16.4;
				LD_RUNPATH_SEARCH_PATHS = "@executable_path/Frameworks";
				"LD_RUNPATH_SEARCH_PATHS[sdk=macosx*]" = "@executable_path/../Frameworks";
				MACOSX_DEPLOYMENT_TARGET = 13.3;
				MARKETING_VERSION = 1.0;
				PRODUCT_BUNDLE_IDENTIFIER = "com.louis-portfolio.SwithUI-Segmented-Control";
				PRODUCT_NAME = "$(TARGET_NAME)";
				SDKROOT = auto;
				SUPPORTED_PLATFORMS = "iphoneos iphonesimulator macosx";
				SWIFT_EMIT_LOC_STRINGS = YES;
				SWIFT_VERSION = 5.0;
				TARGETED_DEVICE_FAMILY = "1,2";
			};
			name = Release;
		};
		D73AE2F52A46DD6100DA875D /* Debug */ = {
			isa = XCBuildConfiguration;
			buildSettings = {
				ALWAYS_EMBED_SWIFT_STANDARD_LIBRARIES = YES;
				BUNDLE_LOADER = "$(TEST_HOST)";
				CODE_SIGN_STYLE = Automatic;
				CURRENT_PROJECT_VERSION = 1;
				GENERATE_INFOPLIST_FILE = YES;
				IPHONEOS_DEPLOYMENT_TARGET = 16.4;
				MACOSX_DEPLOYMENT_TARGET = 13.3;
				MARKETING_VERSION = 1.0;
				PRODUCT_BUNDLE_IDENTIFIER = "com.louis-portfolio.SwithUI-Segmented-ControlTests";
				PRODUCT_NAME = "$(TARGET_NAME)";
				SDKROOT = auto;
				SUPPORTED_PLATFORMS = "iphoneos iphonesimulator macosx";
				SWIFT_EMIT_LOC_STRINGS = NO;
				SWIFT_VERSION = 5.0;
				TARGETED_DEVICE_FAMILY = "1,2";
				TEST_HOST = "$(BUILT_PRODUCTS_DIR)/SwithUI-Segmented-Control.app/$(BUNDLE_EXECUTABLE_FOLDER_PATH)/SwithUI-Segmented-Control";
			};
			name = Debug;
		};
		D73AE2F62A46DD6100DA875D /* Release */ = {
			isa = XCBuildConfiguration;
			buildSettings = {
				ALWAYS_EMBED_SWIFT_STANDARD_LIBRARIES = YES;
				BUNDLE_LOADER = "$(TEST_HOST)";
				CODE_SIGN_STYLE = Automatic;
				CURRENT_PROJECT_VERSION = 1;
				GENERATE_INFOPLIST_FILE = YES;
				IPHONEOS_DEPLOYMENT_TARGET = 16.4;
				MACOSX_DEPLOYMENT_TARGET = 13.3;
				MARKETING_VERSION = 1.0;
				PRODUCT_BUNDLE_IDENTIFIER = "com.louis-portfolio.SwithUI-Segmented-ControlTests";
				PRODUCT_NAME = "$(TARGET_NAME)";
				SDKROOT = auto;
				SUPPORTED_PLATFORMS = "iphoneos iphonesimulator macosx";
				SWIFT_EMIT_LOC_STRINGS = NO;
				SWIFT_VERSION = 5.0;
				TARGETED_DEVICE_FAMILY = "1,2";
				TEST_HOST = "$(BUILT_PRODUCTS_DIR)/SwithUI-Segmented-Control.app/$(BUNDLE_EXECUTABLE_FOLDER_PATH)/SwithUI-Segmented-Control";
			};
			name = Release;
		};
		D73AE2F82A46DD6100DA875D /* Debug */ = {
			isa = XCBuildConfiguration;
			buildSettings = {
				ALWAYS_EMBED_SWIFT_STANDARD_LIBRARIES = YES;
				CODE_SIGN_STYLE = Automatic;
				CURRENT_PROJECT_VERSION = 1;
				GENERATE_INFOPLIST_FILE = YES;
				IPHONEOS_DEPLOYMENT_TARGET = 16.4;
				MACOSX_DEPLOYMENT_TARGET = 13.3;
				MARKETING_VERSION = 1.0;
				PRODUCT_BUNDLE_IDENTIFIER = "com.louis-portfolio.SwithUI-Segmented-ControlUITests";
				PRODUCT_NAME = "$(TARGET_NAME)";
				SDKROOT = auto;
				SUPPORTED_PLATFORMS = "iphoneos iphonesimulator macosx";
				SWIFT_EMIT_LOC_STRINGS = NO;
				SWIFT_VERSION = 5.0;
				TARGETED_DEVICE_FAMILY = "1,2";
				TEST_TARGET_NAME = "SwithUI-Segmented-Control";
			};
			name = Debug;
		};
		D73AE2F92A46DD6100DA875D /* Release */ = {
			isa = XCBuildConfiguration;
			buildSettings = {
				ALWAYS_EMBED_SWIFT_STANDARD_LIBRARIES = YES;
				CODE_SIGN_STYLE = Automatic;
				CURRENT_PROJECT_VERSION = 1;
				GENERATE_INFOPLIST_FILE = YES;
				IPHONEOS_DEPLOYMENT_TARGET = 16.4;
				MACOSX_DEPLOYMENT_TARGET = 13.3;
				MARKETING_VERSION = 1.0;
				PRODUCT_BUNDLE_IDENTIFIER = "com.louis-portfolio.SwithUI-Segmented-ControlUITests";
				PRODUCT_NAME = "$(TARGET_NAME)";
				SDKROOT = auto;
				SUPPORTED_PLATFORMS = "iphoneos iphonesimulator macosx";
				SWIFT_EMIT_LOC_STRINGS = NO;
				SWIFT_VERSION = 5.0;
				TARGETED_DEVICE_FAMILY = "1,2";
				TEST_TARGET_NAME = "SwithUI-Segmented-Control";
			};
			name = Release;
		};
/* End XCBuildConfiguration section */

/* Begin XCConfigurationList section */
		D73AE2C72A46DD5F00DA875D /* Build configuration list for PBXProject "SwithUI-Segmented-Control" */ = {
			isa = XCConfigurationList;
			buildConfigurations = (
				D73AE2EF2A46DD6100DA875D /* Debug */,
				D73AE2F02A46DD6100DA875D /* Release */,
			);
			defaultConfigurationIsVisible = 0;
			defaultConfigurationName = Release;
		};
		D73AE2F12A46DD6100DA875D /* Build configuration list for PBXNativeTarget "SwithUI-Segmented-Control" */ = {
			isa = XCConfigurationList;
			buildConfigurations = (
				D73AE2F22A46DD6100DA875D /* Debug */,
				D73AE2F32A46DD6100DA875D /* Release */,
			);
			defaultConfigurationIsVisible = 0;
			defaultConfigurationName = Release;
		};
		D73AE2F42A46DD6100DA875D /* Build configuration list for PBXNativeTarget "SwithUI-Segmented-ControlTests" */ = {
			isa = XCConfigurationList;
			buildConfigurations = (
				D73AE2F52A46DD6100DA875D /* Debug */,
				D73AE2F62A46DD6100DA875D /* Release */,
			);
			defaultConfigurationIsVisible = 0;
			defaultConfigurationName = Release;
		};
		D73AE2F72A46DD6100DA875D /* Build configuration list for PBXNativeTarget "SwithUI-Segmented-ControlUITests" */ = {
			isa = XCConfigurationList;
			buildConfigurations = (
				D73AE2F82A46DD6100DA875D /* Debug */,
				D73AE2F92A46DD6100DA875D /* Release */,
			);
			defaultConfigurationIsVisible = 0;
			defaultConfigurationName = Release;
		};
/* End XCConfigurationList section */
	};
	rootObject = D73AE2C42A46DD5F00DA875D /* Project object */;
}
